
Microsoft Visual Studio Solution File, Format Version 12.00
# Visual Studio 2013
VisualStudioVersion = 12.0.21005.1
MinimumVisualStudioVersion = 10.0.40219.1
Project("{8BC9CEB8-8B4A-11D0-8D11-00A0C91BC942}") = "L01DesignPattern", "L01DesignPattern\L01DesignPattern.vcxproj", "{4FEB01D7-25CE-414F-A124-C3615AC07672}"
EndProject
Project("{8BC9CEB8-8B4A-11D0-8D11-00A0C91BC942}") = "L01ControllerPattern", "L01ControllerPattern\L01ControllerPattern.vcxproj", "{5ECE3776-A38B-44F9-A97C-04CCCE37DDBA}"
EndProject
Project("{8BC9CEB8-8B4A-11D0-8D11-00A0C91BC942}") = "L04Histogram", "L04Histogram\L04Histogram.vcxproj", "{12B90CA1-7CAC-4A7F-8A98-A6C5C8B51904}"
EndProject
Project("{8BC9CEB8-8B4A-11D0-8D11-00A0C91BC942}") = "L05Morphology", "L05Morphology\L05Morphology.vcxproj", "{8EDEAD88-FBFF-4D12-99BE-CB850F755E08}"
EndProject
Project("{8BC9CEB8-8B4A-11D0-8D11-00A0C91BC942}") = "L05MorphoFeatures", "L05MorphoFeatures\MorphoFeatures.vcxproj", "{499123A7-76C6-4DA3-AC2A-AC635F6D3C11}"
EndProject
Global
	GlobalSection(SolutionConfigurationPlatforms) = preSolution
		Debug|Win32 = Debug|Win32
		Release|Win32 = Release|Win32
	EndGlobalSection
	GlobalSection(ProjectConfigurationPlatforms) = postSolution
		{4FEB01D7-25CE-414F-A124-C3615AC07672}.Debug|Win32.ActiveCfg = Debug|Win32
		{4FEB01D7-25CE-414F-A124-C3615AC07672}.Debug|Win32.Build.0 = Debug|Win32
		{4FEB01D7-25CE-414F-A124-C3615AC07672}.Release|Win32.ActiveCfg = Release|Win32
		{4FEB01D7-25CE-414F-A124-C3615AC07672}.Release|Win32.Build.0 = Release|Win32
		{5ECE3776-A38B-44F9-A97C-04CCCE37DDBA}.Debug|Win32.ActiveCfg = Debug|Win32
		{5ECE3776-A38B-44F9-A97C-04CCCE37DDBA}.Debug|Win32.Build.0 = Debug|Win32
		{5ECE3776-A38B-44F9-A97C-04CCCE37DDBA}.Release|Win32.ActiveCfg = Release|Win32
		{5ECE3776-A38B-44F9-A97C-04CCCE37DDBA}.Release|Win32.Build.0 = Release|Win32
		{12B90CA1-7CAC-4A7F-8A98-A6C5C8B51904}.Debug|Win32.ActiveCfg = Debug|Win32
		{12B90CA1-7CAC-4A7F-8A98-A6C5C8B51904}.Debug|Win32.Build.0 = Debug|Win32
		{12B90CA1-7CAC-4A7F-8A98-A6C5C8B51904}.Release|Win32.ActiveCfg = Release|Win32
		{12B90CA1-7CAC-4A7F-8A98-A6C5C8B51904}.Release|Win32.Build.0 = Release|Win32
		{8EDEAD88-FBFF-4D12-99BE-CB850F755E08}.Debug|Win32.ActiveCfg = Debug|Win32
		{8EDEAD88-FBFF-4D12-99BE-CB850F755E08}.Debug|Win32.Build.0 = Debug|Win32
		{8EDEAD88-FBFF-4D12-99BE-CB850F755E08}.Release|Win32.ActiveCfg = Release|Win32
		{8EDEAD88-FBFF-4D12-99BE-CB850F755E08}.Release|Win32.Build.0 = Release|Win32
		{499123A7-76C6-4DA3-AC2A-AC635F6D3C11}.Debug|Win32.ActiveCfg = Debug|Win32
		{499123A7-76C6-4DA3-AC2A-AC635F6D3C11}.Debug|Win32.Build.0 = Debug|Win32
		{499123A7-76C6-4DA3-AC2A-AC635F6D3C11}.Release|Win32.ActiveCfg = Release|Win32
		{499123A7-76C6-4DA3-AC2A-AC635F6D3C11}.Release|Win32.Build.0 = Release|Win32
	EndGlobalSection
	GlobalSection(SolutionProperties) = preSolution
		HideSolutionNode = FALSE
	EndGlobalSection
EndGlobal
